
Microsoft Visual Studio Solution File, Format Version 12.00
# Visual Studio 14
VisualStudioVersion = 14.0.23107.0
MinimumVisualStudioVersion = 10.0.40219.1
Project("{FAE04EC0-301F-11D3-BF4B-00C04F79EFBC}") = "Model_Layer", "GAA_Paper_Templates\Model_Layer.csproj", "{CAEF614A-C2B3-4AE3-9BE2-E7DA81E28921}"
EndProject
Project("{FAE04EC0-301F-11D3-BF4B-00C04F79EFBC}") = "Client_Layer", "Client_Layer\Client_Layer.csproj", "{65851301-D445-49BF-97FA-3A5FF9729A79}"
EndProject
Global
	GlobalSection(SolutionConfigurationPlatforms) = preSolution
		Debug|Any CPU = Debug|Any CPU
		Release|Any CPU = Release|Any CPU
	EndGlobalSection
	GlobalSection(ProjectConfigurationPlatforms) = postSolution
		{CAEF614A-C2B3-4AE3-9BE2-E7DA81E28921}.Debug|Any CPU.ActiveCfg = Debug|Any CPU
		{CAEF614A-C2B3-4AE3-9BE2-E7DA81E28921}.Debug|Any CPU.Build.0 = Debug|Any CPU
		{CAEF614A-C2B3-4AE3-9BE2-E7DA81E28921}.Release|Any CPU.ActiveCfg = Release|Any CPU
		{CAEF614A-C2B3-4AE3-9BE2-E7DA81E28921}.Release|Any CPU.Build.0 = Release|Any CPU
		{65851301-D445-49BF-97FA-3A5FF9729A79}.Debug|Any CPU.ActiveCfg = Debug|Any CPU
		{65851301-D445-49BF-97FA-3A5FF9729A79}.Debug|Any CPU.Build.0 = Debug|Any CPU
		{65851301-D445-49BF-97FA-3A5FF9729A79}.Release|Any CPU.ActiveCfg = Release|Any CPU
		{65851301-D445-49BF-97FA-3A5FF9729A79}.Release|Any CPU.Build.0 = Release|Any CPU
	EndGlobalSection
	GlobalSection(SolutionProperties) = preSolution
		HideSolutionNode = FALSE
	EndGlobalSection
EndGlobal
